
Microsoft Visual Studio Solution File, Format Version 12.00
# Visual Studio Version 16
VisualStudioVersion = 16.0.32228.343
MinimumVisualStudioVersion = 10.0.40219.1
Project("{9A19103F-16F7-4668-BE54-9A1E7A4F7556}") = "MyApp", "MyApp\MyApp.csproj", "{B9270290-BC13-4C0A-9488-B57B4DCB5AC4}"
EndProject
Project("{9A19103F-16F7-4668-BE54-9A1E7A4F7556}") = "MyLibrary", "MyLibrary\MyLibrary.csproj", "{A774BE5A-3466-446C-A3E2-7D1ED0D94B3C}"
EndProject
Global
	GlobalSection(SolutionConfigurationPlatforms) = preSolution
		Debug|Any CPU = Debug|Any CPU
		Release|Any CPU = Release|Any CPU
	EndGlobalSection
	GlobalSection(ProjectConfigurationPlatforms) = postSolution
		{B9270290-BC13-4C0A-9488-B57B4DCB5AC4}.Debug|Any CPU.ActiveCfg = Debug|Any CPU
		{B9270290-BC13-4C0A-9488-B57B4DCB5AC4}.Debug|Any CPU.Build.0 = Debug|Any CPU
		{B9270290-BC13-4C0A-9488-B57B4DCB5AC4}.Release|Any CPU.ActiveCfg = Release|Any CPU
		{B9270290-BC13-4C0A-9488-B57B4DCB5AC4}.Release|Any CPU.Build.0 = Release|Any CPU
		{A774BE5A-3466-446C-A3E2-7D1ED0D94B3C}.Debug|Any CPU.ActiveCfg = Debug|Any CPU
		{A774BE5A-3466-446C-A3E2-7D1ED0D94B3C}.Debug|Any CPU.Build.0 = Debug|Any CPU
		{A774BE5A-3466-446C-A3E2-7D1ED0D94B3C}.Release|Any CPU.ActiveCfg = Release|Any CPU
		{A774BE5A-3466-446C-A3E2-7D1ED0D94B3C}.Release|Any CPU.Build.0 = Release|Any CPU
	EndGlobalSection
	GlobalSection(SolutionProperties) = preSolution
		HideSolutionNode = FALSE
	EndGlobalSection
	GlobalSection(ExtensibilityGlobals) = postSolution
		SolutionGuid = {EBEBEEDC-8EDD-4623-AADD-35C3BA55DC9C}
	EndGlobalSection
EndGlobal
